// !$*UTF8*$!
{
	archiveVersion = 1;
	classes = {
	};
	objectVersion = 55;
	objects = {

/* Begin PBXBuildFile section */
		C923EFC2280DD35D00367555 /* AppDelegate.swift in Sources */ = {isa = PBXBuildFile; fileRef = C923EFC1280DD35D00367555 /* AppDelegate.swift */; };
		C923EFC4280DD35D00367555 /* SceneDelegate.swift in Sources */ = {isa = PBXBuildFile; fileRef = C923EFC3280DD35D00367555 /* SceneDelegate.swift */; };
		C923EFC9280DD35D00367555 /* Main.storyboard in Resources */ = {isa = PBXBuildFile; fileRef = C923EFC7280DD35D00367555 /* Main.storyboard */; };
		C923EFCC280DD35D00367555 /* MedicationManager.xcdatamodeld in Sources */ = {isa = PBXBuildFile; fileRef = C923EFCA280DD35D00367555 /* MedicationManager.xcdatamodeld */; };
		C923EFCE280DD35E00367555 /* Assets.xcassets in Resources */ = {isa = PBXBuildFile; fileRef = C923EFCD280DD35E00367555 /* Assets.xcassets */; };
		C923EFD1280DD35E00367555 /* LaunchScreen.storyboard in Resources */ = {isa = PBXBuildFile; fileRef = C923EFCF280DD35E00367555 /* LaunchScreen.storyboard */; };
		C923EFDF280DD5CB00367555 /* MedicationListViewController.swift in Sources */ = {isa = PBXBuildFile; fileRef = C923EFDE280DD5CB00367555 /* MedicationListViewController.swift */; };
		C923EFE1280DD66A00367555 /* MedicineTableViewCell.swift in Sources */ = {isa = PBXBuildFile; fileRef = C923EFE0280DD66A00367555 /* MedicineTableViewCell.swift */; };
		C923EFE3280DFFAB00367555 /* MedicationDetailViewController.swift in Sources */ = {isa = PBXBuildFile; fileRef = C923EFE2280DFFAB00367555 /* MedicationDetailViewController.swift */; };
		C923EFE7280E029500367555 /* MedicationController.swift in Sources */ = {isa = PBXBuildFile; fileRef = C923EFE6280E029500367555 /* MedicationController.swift */; };
		C923EFEB280E05FC00367555 /* CoreDataStack.swift in Sources */ = {isa = PBXBuildFile; fileRef = C923EFEA280E05FC00367555 /* CoreDataStack.swift */; };
		C923EFED280E094600367555 /* Medication+Convinience.swift in Sources */ = {isa = PBXBuildFile; fileRef = C923EFEC280E094600367555 /* Medication+Convinience.swift */; };
		C923EFEF280E12A600367555 /* DateFormatter+Extras.swift in Sources */ = {isa = PBXBuildFile; fileRef = C923EFEE280E12A600367555 /* DateFormatter+Extras.swift */; };
		C923F04A280F332600367555 /* TakenDate+Convinience.swift in Sources */ = {isa = PBXBuildFile; fileRef = C923F049280F332600367555 /* TakenDate+Convinience.swift */; };
		C923F04C280F5CAC00367555 /* SurveyViewController.swift in Sources */ = {isa = PBXBuildFile; fileRef = C923F04B280F5CAC00367555 /* SurveyViewController.swift */; };
		C923F04E280F5F0F00367555 /* MoodSurvey+Convinience.swift in Sources */ = {isa = PBXBuildFile; fileRef = C923F04D280F5F0F00367555 /* MoodSurvey+Convinience.swift */; };
		C923F050280F5FDB00367555 /* SurveyController.swift in Sources */ = {isa = PBXBuildFile; fileRef = C923F04F280F5FDB00367555 /* SurveyController.swift */; };
		C923F0812810A2A400367555 /* NotificationScheduler.swift in Sources */ = {isa = PBXBuildFile; fileRef = C923F0802810A2A400367555 /* NotificationScheduler.swift */; };
		C923F0842810B5CD00367555 /* Strings.swift in Sources */ = {isa = PBXBuildFile; fileRef = C923F0832810B5CD00367555 /* Strings.swift */; };
/* End PBXBuildFile section */

/* Begin PBXFileReference section */
		C923EFBE280DD35D00367555 /* MedicationManager.app */ = {isa = PBXFileReference; explicitFileType = wrapper.application; includeInIndex = 0; path = MedicationManager.app; sourceTree = BUILT_PRODUCTS_DIR; };
		C923EFC1280DD35D00367555 /* AppDelegate.swift */ = {isa = PBXFileReference; lastKnownFileType = sourcecode.swift; path = AppDelegate.swift; sourceTree = "<group>"; };
		C923EFC3280DD35D00367555 /* SceneDelegate.swift */ = {isa = PBXFileReference; lastKnownFileType = sourcecode.swift; path = SceneDelegate.swift; sourceTree = "<group>"; };
		C923EFC8280DD35D00367555 /* Base */ = {isa = PBXFileReference; lastKnownFileType = file.storyboard; name = Base; path = Base.lproj/Main.storyboard; sourceTree = "<group>"; };
		C923EFCB280DD35D00367555 /* MedicationManager.xcdatamodel */ = {isa = PBXFileReference; lastKnownFileType = wrapper.xcdatamodel; path = MedicationManager.xcdatamodel; sourceTree = "<group>"; };
		C923EFCD280DD35E00367555 /* Assets.xcassets */ = {isa = PBXFileReference; lastKnownFileType = folder.assetcatalog; path = Assets.xcassets; sourceTree = "<group>"; };
		C923EFD0280DD35E00367555 /* Base */ = {isa = PBXFileReference; lastKnownFileType = file.storyboard; name = Base; path = Base.lproj/LaunchScreen.storyboard; sourceTree = "<group>"; };
		C923EFD2280DD35E00367555 /* Info.plist */ = {isa = PBXFileReference; lastKnownFileType = text.plist.xml; path = Info.plist; sourceTree = "<group>"; };
		C923EFDE280DD5CB00367555 /* MedicationListViewController.swift */ = {isa = PBXFileReference; lastKnownFileType = sourcecode.swift; path = MedicationListViewController.swift; sourceTree = "<group>"; };
		C923EFE0280DD66A00367555 /* MedicineTableViewCell.swift */ = {isa = PBXFileReference; lastKnownFileType = sourcecode.swift; path = MedicineTableViewCell.swift; sourceTree = "<group>"; };
		C923EFE2280DFFAB00367555 /* MedicationDetailViewController.swift */ = {isa = PBXFileReference; lastKnownFileType = sourcecode.swift; path = MedicationDetailViewController.swift; sourceTree = "<group>"; };
		C923EFE6280E029500367555 /* MedicationController.swift */ = {isa = PBXFileReference; lastKnownFileType = sourcecode.swift; path = MedicationController.swift; sourceTree = "<group>"; };
		C923EFEA280E05FC00367555 /* CoreDataStack.swift */ = {isa = PBXFileReference; lastKnownFileType = sourcecode.swift; path = CoreDataStack.swift; sourceTree = "<group>"; };
		C923EFEC280E094600367555 /* Medication+Convinience.swift */ = {isa = PBXFileReference; lastKnownFileType = sourcecode.swift; path = "Medication+Convinience.swift"; sourceTree = "<group>"; };
		C923EFEE280E12A600367555 /* DateFormatter+Extras.swift */ = {isa = PBXFileReference; lastKnownFileType = sourcecode.swift; path = "DateFormatter+Extras.swift"; sourceTree = "<group>"; };
		C923F049280F332600367555 /* TakenDate+Convinience.swift */ = {isa = PBXFileReference; lastKnownFileType = sourcecode.swift; path = "TakenDate+Convinience.swift"; sourceTree = "<group>"; };
		C923F04B280F5CAC00367555 /* SurveyViewController.swift */ = {isa = PBXFileReference; lastKnownFileType = sourcecode.swift; path = SurveyViewController.swift; sourceTree = "<group>"; };
		C923F04D280F5F0F00367555 /* MoodSurvey+Convinience.swift */ = {isa = PBXFileReference; lastKnownFileType = sourcecode.swift; path = "MoodSurvey+Convinience.swift"; sourceTree = "<group>"; };
		C923F04F280F5FDB00367555 /* SurveyController.swift */ = {isa = PBXFileReference; lastKnownFileType = sourcecode.swift; path = SurveyController.swift; sourceTree = "<group>"; };
		C923F0802810A2A400367555 /* NotificationScheduler.swift */ = {isa = PBXFileReference; lastKnownFileType = sourcecode.swift; path = NotificationScheduler.swift; sourceTree = "<group>"; };
		C923F0832810B5CD00367555 /* Strings.swift */ = {isa = PBXFileReference; lastKnownFileType = sourcecode.swift; path = Strings.swift; sourceTree = "<group>"; };
/* End PBXFileReference section */

/* Begin PBXFrameworksBuildPhase section */
		C923EFBB280DD35D00367555 /* Frameworks */ = {
			isa = PBXFrameworksBuildPhase;
			buildActionMask = 2147483647;
			files = (
			);
			runOnlyForDeploymentPostprocessing = 0;
		};
/* End PBXFrameworksBuildPhase section */

/* Begin PBXGroup section */
		C923EFB5280DD35D00367555 = {
			isa = PBXGroup;
			children = (
				C923EFC0280DD35D00367555 /* MedicationManager */,
				C923EFBF280DD35D00367555 /* Products */,
			);
			sourceTree = "<group>";
		};
		C923EFBF280DD35D00367555 /* Products */ = {
			isa = PBXGroup;
			children = (
				C923EFBE280DD35D00367555 /* MedicationManager.app */,
			);
			name = Products;
			sourceTree = "<group>";
		};
		C923EFC0280DD35D00367555 /* MedicationManager */ = {
			isa = PBXGroup;
			children = (
				C923EFDD280DD41900367555 /* Models */,
				C923EFD9280DD3F500367555 /* Views */,
				C923EFDA280DD40000367555 /* Controllers */,
				C923F0822810B5BB00367555 /* Strings */,
				C923F07F2810A28900367555 /* Notification */,
				C923EFD8280DD36F00367555 /* Resources */,
			);
			path = MedicationManager;
			sourceTree = "<group>";
		};
		C923EFD8280DD36F00367555 /* Resources */ = {
			isa = PBXGroup;
			children = (
				C923EFC1280DD35D00367555 /* AppDelegate.swift */,
				C923EFC3280DD35D00367555 /* SceneDelegate.swift */,
				C923EFCD280DD35E00367555 /* Assets.xcassets */,
				C923EFD2280DD35E00367555 /* Info.plist */,
				C923EFEE280E12A600367555 /* DateFormatter+Extras.swift */,
			);
			path = Resources;
			sourceTree = "<group>";
		};
		C923EFD9280DD3F500367555 /* Views */ = {
			isa = PBXGroup;
			children = (
				C923EFC7280DD35D00367555 /* Main.storyboard */,
				C923EFCF280DD35E00367555 /* LaunchScreen.storyboard */,
			);
			path = Views;
			sourceTree = "<group>";
		};
		C923EFDA280DD40000367555 /* Controllers */ = {
			isa = PBXGroup;
			children = (
				C923EFDC280DD41100367555 /* ModelControllers */,
				C923EFDB280DD40700367555 /* ViewControllers */,
			);
			path = Controllers;
			sourceTree = "<group>";
		};
		C923EFDB280DD40700367555 /* ViewControllers */ = {
			isa = PBXGroup;
			children = (
				C923EFDE280DD5CB00367555 /* MedicationListViewController.swift */,
				C923EFE2280DFFAB00367555 /* MedicationDetailViewController.swift */,
				C923F04B280F5CAC00367555 /* SurveyViewController.swift */,
				C923EFE4280E006600367555 /* CustomView */,
			);
			path = ViewControllers;
			sourceTree = "<group>";
		};
		C923EFDC280DD41100367555 /* ModelControllers */ = {
			isa = PBXGroup;
			children = (
				C923EFE6280E029500367555 /* MedicationController.swift */,
				C923F04F280F5FDB00367555 /* SurveyController.swift */,
			);
			path = ModelControllers;
			sourceTree = "<group>";
		};
		C923EFDD280DD41900367555 /* Models */ = {
			isa = PBXGroup;
			children = (
				C923EFE5280E007800367555 /* CoreData */,
			);
			path = Models;
			sourceTree = "<group>";
		};
		C923EFE4280E006600367555 /* CustomView */ = {
			isa = PBXGroup;
			children = (
				C923EFE0280DD66A00367555 /* MedicineTableViewCell.swift */,
			);
			path = CustomView;
			sourceTree = "<group>";
		};
		C923EFE5280E007800367555 /* CoreData */ = {
			isa = PBXGroup;
			children = (
				C923EFCA280DD35D00367555 /* MedicationManager.xcdatamodeld */,
				C923EFEA280E05FC00367555 /* CoreDataStack.swift */,
				C923EFEC280E094600367555 /* Medication+Convinience.swift */,
				C923F049280F332600367555 /* TakenDate+Convinience.swift */,
				C923F04D280F5F0F00367555 /* MoodSurvey+Convinience.swift */,
			);
			path = CoreData;
			sourceTree = "<group>";
		};
		C923F07F2810A28900367555 /* Notification */ = {
			isa = PBXGroup;
			children = (
				C923F0802810A2A400367555 /* NotificationScheduler.swift */,
			);
			path = Notification;
			sourceTree = "<group>";
		};
		C923F0822810B5BB00367555 /* Strings */ = {
			isa = PBXGroup;
			children = (
				C923F0832810B5CD00367555 /* Strings.swift */,
			);
			path = Strings;
			sourceTree = "<group>";
		};
/* End PBXGroup section */

/* Begin PBXNativeTarget section */
		C923EFBD280DD35D00367555 /* MedicationManager */ = {
			isa = PBXNativeTarget;
			buildConfigurationList = C923EFD5280DD35E00367555 /* Build configuration list for PBXNativeTarget "MedicationManager" */;
			buildPhases = (
				C923EFBA280DD35D00367555 /* Sources */,
				C923EFBB280DD35D00367555 /* Frameworks */,
				C923EFBC280DD35D00367555 /* Resources */,
			);
			buildRules = (
			);
			dependencies = (
			);
			name = MedicationManager;
			productName = MedicationManager;
			productReference = C923EFBE280DD35D00367555 /* MedicationManager.app */;
			productType = "com.apple.product-type.application";
		};
/* End PBXNativeTarget section */

/* Begin PBXProject section */
		C923EFB6280DD35D00367555 /* Project object */ = {
			isa = PBXProject;
			attributes = {
				BuildIndependentTargetsInParallel = 1;
				LastSwiftUpdateCheck = 1330;
				LastUpgradeCheck = 1330;
				TargetAttributes = {
					C923EFBD280DD35D00367555 = {
						CreatedOnToolsVersion = 13.3.1;
					};
				};
			};
			buildConfigurationList = C923EFB9280DD35D00367555 /* Build configuration list for PBXProject "MedicationManager" */;
			compatibilityVersion = "Xcode 13.0";
			developmentRegion = en;
			hasScannedForEncodings = 0;
			knownRegions = (
				en,
				Base,
			);
			mainGroup = C923EFB5280DD35D00367555;
			productRefGroup = C923EFBF280DD35D00367555 /* Products */;
			projectDirPath = "";
			projectRoot = "";
			targets = (
				C923EFBD280DD35D00367555 /* MedicationManager */,
			);
		};
/* End PBXProject section */

/* Begin PBXResourcesBuildPhase section */
		C923EFBC280DD35D00367555 /* Resources */ = {
			isa = PBXResourcesBuildPhase;
			buildActionMask = 2147483647;
			files = (
				C923EFD1280DD35E00367555 /* LaunchScreen.storyboard in Resources */,
				C923EFCE280DD35E00367555 /* Assets.xcassets in Resources */,
				C923EFC9280DD35D00367555 /* Main.storyboard in Resources */,
			);
			runOnlyForDeploymentPostprocessing = 0;
		};
/* End PBXResourcesBuildPhase section */

/* Begin PBXSourcesBuildPhase section */
		C923EFBA280DD35D00367555 /* Sources */ = {
			isa = PBXSourcesBuildPhase;
			buildActionMask = 2147483647;
			files = (
				C923EFED280E094600367555 /* Medication+Convinience.swift in Sources */,
				C923EFE3280DFFAB00367555 /* MedicationDetailViewController.swift in Sources */,
				C923F0842810B5CD00367555 /* Strings.swift in Sources */,
				C923EFC2280DD35D00367555 /* AppDelegate.swift in Sources */,
				C923EFDF280DD5CB00367555 /* MedicationListViewController.swift in Sources */,
				C923EFCC280DD35D00367555 /* MedicationManager.xcdatamodeld in Sources */,
				C923EFE7280E029500367555 /* MedicationController.swift in Sources */,
				C923EFC4280DD35D00367555 /* SceneDelegate.swift in Sources */,
				C923F0812810A2A400367555 /* NotificationScheduler.swift in Sources */,
				C923F04A280F332600367555 /* TakenDate+Convinience.swift in Sources */,
				C923EFE1280DD66A00367555 /* MedicineTableViewCell.swift in Sources */,
				C923EFEB280E05FC00367555 /* CoreDataStack.swift in Sources */,
				C923F04E280F5F0F00367555 /* MoodSurvey+Convinience.swift in Sources */,
				C923F04C280F5CAC00367555 /* SurveyViewController.swift in Sources */,
				C923EFEF280E12A600367555 /* DateFormatter+Extras.swift in Sources */,
				C923F050280F5FDB00367555 /* SurveyController.swift in Sources */,
			);
			runOnlyForDeploymentPostprocessing = 0;
		};
/* End PBXSourcesBuildPhase section */

/* Begin PBXVariantGroup section */
		C923EFC7280DD35D00367555 /* Main.storyboard */ = {
			isa = PBXVariantGroup;
			children = (
				C923EFC8280DD35D00367555 /* Base */,
			);
			name = Main.storyboard;
			sourceTree = "<group>";
		};
		C923EFCF280DD35E00367555 /* LaunchScreen.storyboard */ = {
			isa = PBXVariantGroup;
			children = (
				C923EFD0280DD35E00367555 /* Base */,
			);
			name = LaunchScreen.storyboard;
			sourceTree = "<group>";
		};
/* End PBXVariantGroup section */

/* Begin XCBuildConfiguration section */
		C923EFD3280DD35E00367555 /* Debug */ = {
			isa = XCBuildConfiguration;
			buildSettings = {
				ALWAYS_SEARCH_USER_PATHS = NO;
				CLANG_ANALYZER_NONNULL = YES;
				CLANG_ANALYZER_NUMBER_OBJECT_CONVERSION = YES_AGGRESSIVE;
				CLANG_CXX_LANGUAGE_STANDARD = "gnu++17";
				CLANG_ENABLE_MODULES = YES;
				CLANG_ENABLE_OBJC_ARC = YES;
				CLANG_ENABLE_OBJC_WEAK = YES;
				CLANG_WARN_BLOCK_CAPTURE_AUTORELEASING = YES;
				CLANG_WARN_BOOL_CONVERSION = YES;
				CLANG_WARN_COMMA = YES;
				CLANG_WARN_CONSTANT_CONVERSION = YES;
				CLANG_WARN_DEPRECATED_OBJC_IMPLEMENTATIONS = YES;
				CLANG_WARN_DIRECT_OBJC_ISA_USAGE = YES_ERROR;
				CLANG_WARN_DOCUMENTATION_COMMENTS = YES;
				CLANG_WARN_EMPTY_BODY = YES;
				CLANG_WARN_ENUM_CONVERSION = YES;
				CLANG_WARN_INFINITE_RECURSION = YES;
				CLANG_WARN_INT_CONVERSION = YES;
				CLANG_WARN_NON_LITERAL_NULL_CONVERSION = YES;
				CLANG_WARN_OBJC_IMPLICIT_RETAIN_SELF = YES;
				CLANG_WARN_OBJC_LITERAL_CONVERSION = YES;
				CLANG_WARN_OBJC_ROOT_CLASS = YES_ERROR;
				CLANG_WARN_QUOTED_INCLUDE_IN_FRAMEWORK_HEADER = YES;
				CLANG_WARN_RANGE_LOOP_ANALYSIS = YES;
				CLANG_WARN_STRICT_PROTOTYPES = YES;
				CLANG_WARN_SUSPICIOUS_MOVE = YES;
				CLANG_WARN_UNGUARDED_AVAILABILITY = YES_AGGRESSIVE;
				CLANG_WARN_UNREACHABLE_CODE = YES;
				CLANG_WARN__DUPLICATE_METHOD_MATCH = YES;
				COPY_PHASE_STRIP = NO;
				DEBUG_INFORMATION_FORMAT = dwarf;
				ENABLE_STRICT_OBJC_MSGSEND = YES;
				ENABLE_TESTABILITY = YES;
				GCC_C_LANGUAGE_STANDARD = gnu11;
				GCC_DYNAMIC_NO_PIC = NO;
				GCC_NO_COMMON_BLOCKS = YES;
				GCC_OPTIMIZATION_LEVEL = 0;
				GCC_PREPROCESSOR_DEFINITIONS = (
					"DEBUG=1",
					"$(inherited)",
				);
				GCC_WARN_64_TO_32_BIT_CONVERSION = YES;
				GCC_WARN_ABOUT_RETURN_TYPE = YES_ERROR;
				GCC_WARN_UNDECLARED_SELECTOR = YES;
				GCC_WARN_UNINITIALIZED_AUTOS = YES_AGGRESSIVE;
				GCC_WARN_UNUSED_FUNCTION = YES;
				GCC_WARN_UNUSED_VARIABLE = YES;
				IPHONEOS_DEPLOYMENT_TARGET = 15.4;
				MTL_ENABLE_DEBUG_INFO = INCLUDE_SOURCE;
				MTL_FAST_MATH = YES;
				ONLY_ACTIVE_ARCH = YES;
				SDKROOT = iphoneos;
				SWIFT_ACTIVE_COMPILATION_CONDITIONS = DEBUG;
				SWIFT_OPTIMIZATION_LEVEL = "-Onone";
			};
			name = Debug;
		};
		C923EFD4280DD35E00367555 /* Release */ = {
			isa = XCBuildConfiguration;
			buildSettings = {
				ALWAYS_SEARCH_USER_PATHS = NO;
				CLANG_ANALYZER_NONNULL = YES;
				CLANG_ANALYZER_NUMBER_OBJECT_CONVERSION = YES_AGGRESSIVE;
				CLANG_CXX_LANGUAGE_STANDARD = "gnu++17";
				CLANG_ENABLE_MODULES = YES;
				CLANG_ENABLE_OBJC_ARC = YES;
				CLANG_ENABLE_OBJC_WEAK = YES;
				CLANG_WARN_BLOCK_CAPTURE_AUTORELEASING = YES;
				CLANG_WARN_BOOL_CONVERSION = YES;
				CLANG_WARN_COMMA = YES;
				CLANG_WARN_CONSTANT_CONVERSION = YES;
				CLANG_WARN_DEPRECATED_OBJC_IMPLEMENTATIONS = YES;
				CLANG_WARN_DIRECT_OBJC_ISA_USAGE = YES_ERROR;
				CLANG_WARN_DOCUMENTATION_COMMENTS = YES;
				CLANG_WARN_EMPTY_BODY = YES;
				CLANG_WARN_ENUM_CONVERSION = YES;
				CLANG_WARN_INFINITE_RECURSION = YES;
				CLANG_WARN_INT_CONVERSION = YES;
				CLANG_WARN_NON_LITERAL_NULL_CONVERSION = YES;
				CLANG_WARN_OBJC_IMPLICIT_RETAIN_SELF = YES;
				CLANG_WARN_OBJC_LITERAL_CONVERSION = YES;
				CLANG_WARN_OBJC_ROOT_CLASS = YES_ERROR;
				CLANG_WARN_QUOTED_INCLUDE_IN_FRAMEWORK_HEADER = YES;
				CLANG_WARN_RANGE_LOOP_ANALYSIS = YES;
				CLANG_WARN_STRICT_PROTOTYPES = YES;
				CLANG_WARN_SUSPICIOUS_MOVE = YES;
				CLANG_WARN_UNGUARDED_AVAILABILITY = YES_AGGRESSIVE;
				CLANG_WARN_UNREACHABLE_CODE = YES;
				CLANG_WARN__DUPLICATE_METHOD_MATCH = YES;
				COPY_PHASE_STRIP = NO;
				DEBUG_INFORMATION_FORMAT = "dwarf-with-dsym";
				ENABLE_NS_ASSERTIONS = NO;
				ENABLE_STRICT_OBJC_MSGSEND = YES;
				GCC_C_LANGUAGE_STANDARD = gnu11;
				GCC_NO_COMMON_BLOCKS = YES;
				GCC_WARN_64_TO_32_BIT_CONVERSION = YES;
				GCC_WARN_ABOUT_RETURN_TYPE = YES_ERROR;
				GCC_WARN_UNDECLARED_SELECTOR = YES;
				GCC_WARN_UNINITIALIZED_AUTOS = YES_AGGRESSIVE;
				GCC_WARN_UNUSED_FUNCTION = YES;
				GCC_WARN_UNUSED_VARIABLE = YES;
				IPHONEOS_DEPLOYMENT_TARGET = 15.4;
				MTL_ENABLE_DEBUG_INFO = NO;
				MTL_FAST_MATH = YES;
				SDKROOT = iphoneos;
				SWIFT_COMPILATION_MODE = wholemodule;
				SWIFT_OPTIMIZATION_LEVEL = "-O";
				VALIDATE_PRODUCT = YES;
			};
			name = Release;
		};
		C923EFD6280DD35E00367555 /* Debug */ = {
			isa = XCBuildConfiguration;
			buildSettings = {
				ASSETCATALOG_COMPILER_APPICON_NAME = AppIcon;
				ASSETCATALOG_COMPILER_GLOBAL_ACCENT_COLOR_NAME = AccentColor;
				CODE_SIGN_STYLE = Automatic;
				CURRENT_PROJECT_VERSION = 1;
				DEVELOPMENT_TEAM = ALTGSDSZNG;
				GENERATE_INFOPLIST_FILE = YES;
				INFOPLIST_FILE = MedicationManager/Resources/Info.plist;
				INFOPLIST_KEY_UIApplicationSupportsIndirectInputEvents = YES;
				INFOPLIST_KEY_UILaunchStoryboardName = LaunchScreen;
				INFOPLIST_KEY_UIMainStoryboardFile = Main;
				INFOPLIST_KEY_UISupportedInterfaceOrientations_iPad = "UIInterfaceOrientationPortrait UIInterfaceOrientationPortraitUpsideDown UIInterfaceOrientationLandscapeLeft UIInterfaceOrientationLandscapeRight";
				INFOPLIST_KEY_UISupportedInterfaceOrientations_iPhone = "UIInterfaceOrientationPortrait UIInterfaceOrientationLandscapeLeft UIInterfaceOrientationLandscapeRight";
				LD_RUNPATH_SEARCH_PATHS = (
					"$(inherited)",
					"@executable_path/Frameworks",
				);
				MARKETING_VERSION = 1.0;
				PRODUCT_BUNDLE_IDENTIFIER = com.tasukuYamamoto.MedicationManager;
				PRODUCT_NAME = "$(TARGET_NAME)";
				SWIFT_EMIT_LOC_STRINGS = YES;
				SWIFT_VERSION = 5.0;
				TARGETED_DEVICE_FAMILY = "1,2";
			};
			name = Debug;
		};
		C923EFD7280DD35E00367555 /* Release */ = {
			isa = XCBuildConfiguration;
			buildSettings = {
				ASSETCATALOG_COMPILER_APPICON_NAME = AppIcon;
				ASSETCATALOG_COMPILER_GLOBAL_ACCENT_COLOR_NAME = AccentColor;
				CODE_SIGN_STYLE = Automatic;
				CURRENT_PROJECT_VERSION = 1;
				DEVELOPMENT_TEAM = ALTGSDSZNG;
				GENERATE_INFOPLIST_FILE = YES;
				INFOPLIST_FILE = MedicationManager/Resources/Info.plist;
				INFOPLIST_KEY_UIApplicationSupportsIndirectInputEvents = YES;
				INFOPLIST_KEY_UILaunchStoryboardName = LaunchScreen;
				INFOPLIST_KEY_UIMainStoryboardFile = Main;
				INFOPLIST_KEY_UISupportedInterfaceOrientations_iPad = "UIInterfaceOrientationPortrait UIInterfaceOrientationPortraitUpsideDown UIInterfaceOrientationLandscapeLeft UIInterfaceOrientationLandscapeRight";
				INFOPLIST_KEY_UISupportedInterfaceOrientations_iPhone = "UIInterfaceOrientationPortrait UIInterfaceOrientationLandscapeLeft UIInterfaceOrientationLandscapeRight";
				LD_RUNPATH_SEARCH_PATHS = (
					"$(inherited)",
					"@executable_path/Frameworks",
				);
				MARKETING_VERSION = 1.0;
				PRODUCT_BUNDLE_IDENTIFIER = com.tasukuYamamoto.MedicationManager;
				PRODUCT_NAME = "$(TARGET_NAME)";
				SWIFT_EMIT_LOC_STRINGS = YES;
				SWIFT_VERSION = 5.0;
				TARGETED_DEVICE_FAMILY = "1,2";
			};
			name = Release;
		};
/* End XCBuildConfiguration section */

/* Begin XCConfigurationList section */
		C923EFB9280DD35D00367555 /* Build configuration list for PBXProject "MedicationManager" */ = {
			isa = XCConfigurationList;
			buildConfigurations = (
				C923EFD3280DD35E00367555 /* Debug */,
				C923EFD4280DD35E00367555 /* Release */,
			);
			defaultConfigurationIsVisible = 0;
			defaultConfigurationName = Release;
		};
		C923EFD5280DD35E00367555 /* Build configuration list for PBXNativeTarget "MedicationManager" */ = {
			isa = XCConfigurationList;
			buildConfigurations = (
				C923EFD6280DD35E00367555 /* Debug */,
				C923EFD7280DD35E00367555 /* Release */,
			);
			defaultConfigurationIsVisible = 0;
			defaultConfigurationName = Release;
		};
/* End XCConfigurationList section */

/* Begin XCVersionGroup section */
		C923EFCA280DD35D00367555 /* MedicationManager.xcdatamodeld */ = {
			isa = XCVersionGroup;
			children = (
				C923EFCB280DD35D00367555 /* MedicationManager.xcdatamodel */,
			);
			currentVersion = C923EFCB280DD35D00367555 /* MedicationManager.xcdatamodel */;
			path = MedicationManager.xcdatamodeld;
			sourceTree = "<group>";
			versionGroupType = wrapper.xcdatamodel;
		};
/* End XCVersionGroup section */
	};
	rootObject = C923EFB6280DD35D00367555 /* Project object */;
}
